// !$*UTF8*$!
{
	archiveVersion = 1;
	classes = {
	};
	objectVersion = 50;
	objects = {

/* Begin PBXBuildFile section */
		8411E5CD24F6913500D0F193 /* AppDelegate.swift in Sources */ = {isa = PBXBuildFile; fileRef = 8411E5CC24F6913500D0F193 /* AppDelegate.swift */; };
		8411E5CF24F6913500D0F193 /* SceneDelegate.swift in Sources */ = {isa = PBXBuildFile; fileRef = 8411E5CE24F6913500D0F193 /* SceneDelegate.swift */; };
		8411E5D124F6913500D0F193 /* MainViewController.swift in Sources */ = {isa = PBXBuildFile; fileRef = 8411E5D024F6913500D0F193 /* MainViewController.swift */; };
		8411E5D424F6913500D0F193 /* Main.storyboard in Resources */ = {isa = PBXBuildFile; fileRef = 8411E5D224F6913500D0F193 /* Main.storyboard */; };
		8411E5D624F6913700D0F193 /* Assets.xcassets in Resources */ = {isa = PBXBuildFile; fileRef = 8411E5D524F6913700D0F193 /* Assets.xcassets */; };
		8411E5D924F6913700D0F193 /* LaunchScreen.storyboard in Resources */ = {isa = PBXBuildFile; fileRef = 8411E5D724F6913700D0F193 /* LaunchScreen.storyboard */; };
		8411E5E124F6F89200D0F193 /* TranslationModel.swift in Sources */ = {isa = PBXBuildFile; fileRef = 8411E5E024F6F89200D0F193 /* TranslationModel.swift */; };
		8411E5E324F71BC300D0F193 /* TranslationRequest.swift in Sources */ = {isa = PBXBuildFile; fileRef = 8411E5E224F71BC300D0F193 /* TranslationRequest.swift */; };
		848C24D824FC3F1700DB368F /* ResponseViewController.swift in Sources */ = {isa = PBXBuildFile; fileRef = 848C24D724FC3F1700DB368F /* ResponseViewController.swift */; };
/* End PBXBuildFile section */

/* Begin PBXFileReference section */
		8411E5C924F6913500D0F193 /* MyFunTranslations.app */ = {isa = PBXFileReference; explicitFileType = wrapper.application; includeInIndex = 0; path = MyFunTranslations.app; sourceTree = BUILT_PRODUCTS_DIR; };
		8411E5CC24F6913500D0F193 /* AppDelegate.swift */ = {isa = PBXFileReference; lastKnownFileType = sourcecode.swift; path = AppDelegate.swift; sourceTree = "<group>"; };
		8411E5CE24F6913500D0F193 /* SceneDelegate.swift */ = {isa = PBXFileReference; lastKnownFileType = sourcecode.swift; path = SceneDelegate.swift; sourceTree = "<group>"; };
		8411E5D024F6913500D0F193 /* MainViewController.swift */ = {isa = PBXFileReference; lastKnownFileType = sourcecode.swift; path = MainViewController.swift; sourceTree = "<group>"; };
		8411E5D324F6913500D0F193 /* Base */ = {isa = PBXFileReference; lastKnownFileType = file.storyboard; name = Base; path = Base.lproj/Main.storyboard; sourceTree = "<group>"; };
		8411E5D524F6913700D0F193 /* Assets.xcassets */ = {isa = PBXFileReference; lastKnownFileType = folder.assetcatalog; path = Assets.xcassets; sourceTree = "<group>"; };
		8411E5D824F6913700D0F193 /* Base */ = {isa = PBXFileReference; lastKnownFileType = file.storyboard; name = Base; path = Base.lproj/LaunchScreen.storyboard; sourceTree = "<group>"; };
		8411E5DA24F6913700D0F193 /* Info.plist */ = {isa = PBXFileReference; lastKnownFileType = text.plist.xml; path = Info.plist; sourceTree = "<group>"; };
		8411E5E024F6F89200D0F193 /* TranslationModel.swift */ = {isa = PBXFileReference; lastKnownFileType = sourcecode.swift; path = TranslationModel.swift; sourceTree = "<group>"; };
		8411E5E224F71BC300D0F193 /* TranslationRequest.swift */ = {isa = PBXFileReference; lastKnownFileType = sourcecode.swift; path = TranslationRequest.swift; sourceTree = "<group>"; };
		848C24D724FC3F1700DB368F /* ResponseViewController.swift */ = {isa = PBXFileReference; lastKnownFileType = sourcecode.swift; path = ResponseViewController.swift; sourceTree = "<group>"; };
/* End PBXFileReference section */

/* Begin PBXFrameworksBuildPhase section */
		8411E5C624F6913400D0F193 /* Frameworks */ = {
			isa = PBXFrameworksBuildPhase;
			buildActionMask = 2147483647;
			files = (
			);
			runOnlyForDeploymentPostprocessing = 0;
		};
/* End PBXFrameworksBuildPhase section */

/* Begin PBXGroup section */
		8411E5C024F6913400D0F193 = {
			isa = PBXGroup;
			children = (
				8411E5CB24F6913500D0F193 /* MyFunTranslations */,
				8411E5CA24F6913500D0F193 /* Products */,
			);
			sourceTree = "<group>";
		};
		8411E5CA24F6913500D0F193 /* Products */ = {
			isa = PBXGroup;
			children = (
				8411E5C924F6913500D0F193 /* MyFunTranslations.app */,
			);
			name = Products;
			sourceTree = "<group>";
		};
		8411E5CB24F6913500D0F193 /* MyFunTranslations */ = {
			isa = PBXGroup;
			children = (
				847D516D24FC794600FF65F9 /* ViewControllers */,
				847D516C24FC792500FF65F9 /* ViewModels */,
				847D516B24FC791700FF65F9 /* DataModels */,
				8411E5CC24F6913500D0F193 /* AppDelegate.swift */,
				8411E5CE24F6913500D0F193 /* SceneDelegate.swift */,
				8411E5D224F6913500D0F193 /* Main.storyboard */,
				8411E5D524F6913700D0F193 /* Assets.xcassets */,
				8411E5D724F6913700D0F193 /* LaunchScreen.storyboard */,
				8411E5DA24F6913700D0F193 /* Info.plist */,
			);
			path = MyFunTranslations;
			sourceTree = "<group>";
		};
		847D516B24FC791700FF65F9 /* DataModels */ = {
			isa = PBXGroup;
			children = (
				8411E5E024F6F89200D0F193 /* TranslationModel.swift */,
			);
			path = DataModels;
			sourceTree = "<group>";
		};
		847D516C24FC792500FF65F9 /* ViewModels */ = {
			isa = PBXGroup;
			children = (
				8411E5E224F71BC300D0F193 /* TranslationRequest.swift */,
			);
			path = ViewModels;
			sourceTree = "<group>";
		};
		847D516D24FC794600FF65F9 /* ViewControllers */ = {
			isa = PBXGroup;
			children = (
				8411E5D024F6913500D0F193 /* MainViewController.swift */,
				848C24D724FC3F1700DB368F /* ResponseViewController.swift */,
			);
			path = ViewControllers;
			sourceTree = "<group>";
		};
/* End PBXGroup section */

/* Begin PBXNativeTarget section */
		8411E5C824F6913400D0F193 /* MyFunTranslations */ = {
			isa = PBXNativeTarget;
			buildConfigurationList = 8411E5DD24F6913700D0F193 /* Build configuration list for PBXNativeTarget "MyFunTranslations" */;
			buildPhases = (
				8411E5C524F6913400D0F193 /* Sources */,
				8411E5C624F6913400D0F193 /* Frameworks */,
				8411E5C724F6913400D0F193 /* Resources */,
			);
			buildRules = (
			);
			dependencies = (
			);
			name = MyFunTranslations;
			productName = MyFunTranslations;
			productReference = 8411E5C924F6913500D0F193 /* MyFunTranslations.app */;
			productType = "com.apple.product-type.application";
		};
/* End PBXNativeTarget section */

/* Begin PBXProject section */
		8411E5C124F6913400D0F193 /* Project object */ = {
			isa = PBXProject;
			attributes = {
				LastSwiftUpdateCheck = 1140;
				LastUpgradeCheck = 1140;
				ORGANIZATIONNAME = admin;
				TargetAttributes = {
					8411E5C824F6913400D0F193 = {
						CreatedOnToolsVersion = 11.4.1;
					};
				};
			};
			buildConfigurationList = 8411E5C424F6913400D0F193 /* Build configuration list for PBXProject "MyFunTranslations" */;
			compatibilityVersion = "Xcode 9.3";
			developmentRegion = en;
			hasScannedForEncodings = 0;
			knownRegions = (
				en,
				Base,
			);
			mainGroup = 8411E5C024F6913400D0F193;
			productRefGroup = 8411E5CA24F6913500D0F193 /* Products */;
			projectDirPath = "";
			projectRoot = "";
			targets = (
				8411E5C824F6913400D0F193 /* MyFunTranslations */,
			);
		};
/* End PBXProject section */

/* Begin PBXResourcesBuildPhase section */
		8411E5C724F6913400D0F193 /* Resources */ = {
			isa = PBXResourcesBuildPhase;
			buildActionMask = 2147483647;
			files = (
				8411E5D924F6913700D0F193 /* LaunchScreen.storyboard in Resources */,
				8411E5D624F6913700D0F193 /* Assets.xcassets in Resources */,
				8411E5D424F6913500D0F193 /* Main.storyboard in Resources */,
			);
			runOnlyForDeploymentPostprocessing = 0;
		};
/* End PBXResourcesBuildPhase section */

/* Begin PBXSourcesBuildPhase section */
		8411E5C524F6913400D0F193 /* Sources */ = {
			isa = PBXSourcesBuildPhase;
			buildActionMask = 2147483647;
			files = (
				8411E5D124F6913500D0F193 /* MainViewController.swift in Sources */,
				8411E5CD24F6913500D0F193 /* AppDelegate.swift in Sources */,
				848C24D824FC3F1700DB368F /* ResponseViewController.swift in Sources */,
				8411E5CF24F6913500D0F193 /* SceneDelegate.swift in Sources */,
				8411E5E324F71BC300D0F193 /* TranslationRequest.swift in Sources */,
				8411E5E124F6F89200D0F193 /* TranslationModel.swift in Sources */,
			);
			runOnlyForDeploymentPostprocessing = 0;
		};
/* End PBXSourcesBuildPhase section */

/* Begin PBXVariantGroup section */
		8411E5D224F6913500D0F193 /* Main.storyboard */ = {
			isa = PBXVariantGroup;
			children = (
				8411E5D324F6913500D0F193 /* Base */,
			);
			name = Main.storyboard;
			sourceTree = "<group>";
		};
		8411E5D724F6913700D0F193 /* LaunchScreen.storyboard */ = {
			isa = PBXVariantGroup;
			children = (
				8411E5D824F6913700D0F193 /* Base */,
			);
			name = LaunchScreen.storyboard;
			sourceTree = "<group>";
		};
/* End PBXVariantGroup section */

/* Begin XCBuildConfiguration section */
		8411E5DB24F6913700D0F193 /* Debug */ = {
			isa = XCBuildConfiguration;
			buildSettings = {
				ALWAYS_SEARCH_USER_PATHS = NO;
				CLANG_ANALYZER_NONNULL = YES;
				CLANG_ANALYZER_NUMBER_OBJECT_CONVERSION = YES_AGGRESSIVE;
				CLANG_CXX_LANGUAGE_STANDARD = "gnu++14";
				CLANG_CXX_LIBRARY = "libc++";
				CLANG_ENABLE_MODULES = YES;
				CLANG_ENABLE_OBJC_ARC = YES;
				CLANG_ENABLE_OBJC_WEAK = YES;
				CLANG_WARN_BLOCK_CAPTURE_AUTORELEASING = YES;
				CLANG_WARN_BOOL_CONVERSION = YES;
				CLANG_WARN_COMMA = YES;
				CLANG_WARN_CONSTANT_CONVERSION = YES;
				CLANG_WARN_DEPRECATED_OBJC_IMPLEMENTATIONS = YES;
				CLANG_WARN_DIRECT_OBJC_ISA_USAGE = YES_ERROR;
				CLANG_WARN_DOCUMENTATION_COMMENTS = YES;
				CLANG_WARN_EMPTY_BODY = YES;
				CLANG_WARN_ENUM_CONVERSION = YES;
				CLANG_WARN_INFINITE_RECURSION = YES;
				CLANG_WARN_INT_CONVERSION = YES;
				CLANG_WARN_NON_LITERAL_NULL_CONVERSION = YES;
				CLANG_WARN_OBJC_IMPLICIT_RETAIN_SELF = YES;
				CLANG_WARN_OBJC_LITERAL_CONVERSION = YES;
				CLANG_WARN_OBJC_ROOT_CLASS = YES_ERROR;
				CLANG_WARN_RANGE_LOOP_ANALYSIS = YES;
				CLANG_WARN_STRICT_PROTOTYPES = YES;
				CLANG_WARN_SUSPICIOUS_MOVE = YES;
				CLANG_WARN_UNGUARDED_AVAILABILITY = YES_AGGRESSIVE;
				CLANG_WARN_UNREACHABLE_CODE = YES;
				CLANG_WARN__DUPLICATE_METHOD_MATCH = YES;
				COPY_PHASE_STRIP = NO;
				DEBUG_INFORMATION_FORMAT = dwarf;
				ENABLE_STRICT_OBJC_MSGSEND = YES;
				ENABLE_TESTABILITY = YES;
				GCC_C_LANGUAGE_STANDARD = gnu11;
				GCC_DYNAMIC_NO_PIC = NO;
				GCC_NO_COMMON_BLOCKS = YES;
				GCC_OPTIMIZATION_LEVEL = 0;
				GCC_PREPROCESSOR_DEFINITIONS = (
					"DEBUG=1",
					"$(inherited)",
				);
				GCC_WARN_64_TO_32_BIT_CONVERSION = YES;
				GCC_WARN_ABOUT_RETURN_TYPE = YES_ERROR;
				GCC_WARN_UNDECLARED_SELECTOR = YES;
				GCC_WARN_UNINITIALIZED_AUTOS = YES_AGGRESSIVE;
				GCC_WARN_UNUSED_FUNCTION = YES;
				GCC_WARN_UNUSED_VARIABLE = YES;
				IPHONEOS_DEPLOYMENT_TARGET = 13.4;
				MTL_ENABLE_DEBUG_INFO = INCLUDE_SOURCE;
				MTL_FAST_MATH = YES;
				ONLY_ACTIVE_ARCH = YES;
				SDKROOT = iphoneos;
				SWIFT_ACTIVE_COMPILATION_CONDITIONS = DEBUG;
				SWIFT_OPTIMIZATION_LEVEL = "-Onone";
			};
			name = Debug;
		};
		8411E5DC24F6913700D0F193 /* Release */ = {
			isa = XCBuildConfiguration;
			buildSettings = {
				ALWAYS_SEARCH_USER_PATHS = NO;
				CLANG_ANALYZER_NONNULL = YES;
				CLANG_ANALYZER_NUMBER_OBJECT_CONVERSION = YES_AGGRESSIVE;
				CLANG_CXX_LANGUAGE_STANDARD = "gnu++14";
				CLANG_CXX_LIBRARY = "libc++";
				CLANG_ENABLE_MODULES = YES;
				CLANG_ENABLE_OBJC_ARC = YES;
				CLANG_ENABLE_OBJC_WEAK = YES;
				CLANG_WARN_BLOCK_CAPTURE_AUTORELEASING = YES;
				CLANG_WARN_BOOL_CONVERSION = YES;
				CLANG_WARN_COMMA = YES;
				CLANG_WARN_CONSTANT_CONVERSION = YES;
				CLANG_WARN_DEPRECATED_OBJC_IMPLEMENTATIONS = YES;
				CLANG_WARN_DIRECT_OBJC_ISA_USAGE = YES_ERROR;
				CLANG_WARN_DOCUMENTATION_COMMENTS = YES;
				CLANG_WARN_EMPTY_BODY = YES;
				CLANG_WARN_ENUM_CONVERSION = YES;
				CLANG_WARN_INFINITE_RECURSION = YES;
				CLANG_WARN_INT_CONVERSION = YES;
				CLANG_WARN_NON_LITERAL_NULL_CONVERSION = YES;
				CLANG_WARN_OBJC_IMPLICIT_RETAIN_SELF = YES;
				CLANG_WARN_OBJC_LITERAL_CONVERSION = YES;
				CLANG_WARN_OBJC_ROOT_CLASS = YES_ERROR;
				CLANG_WARN_RANGE_LOOP_ANALYSIS = YES;
				CLANG_WARN_STRICT_PROTOTYPES = YES;
				CLANG_WARN_SUSPICIOUS_MOVE = YES;
				CLANG_WARN_UNGUARDED_AVAILABILITY = YES_AGGRESSIVE;
				CLANG_WARN_UNREACHABLE_CODE = YES;
				CLANG_WARN__DUPLICATE_METHOD_MATCH = YES;
				COPY_PHASE_STRIP = NO;
				DEBUG_INFORMATION_FORMAT = "dwarf-with-dsym";
				ENABLE_NS_ASSERTIONS = NO;
				ENABLE_STRICT_OBJC_MSGSEND = YES;
				GCC_C_LANGUAGE_STANDARD = gnu11;
				GCC_NO_COMMON_BLOCKS = YES;
				GCC_WARN_64_TO_32_BIT_CONVERSION = YES;
				GCC_WARN_ABOUT_RETURN_TYPE = YES_ERROR;
				GCC_WARN_UNDECLARED_SELECTOR = YES;
				GCC_WARN_UNINITIALIZED_AUTOS = YES_AGGRESSIVE;
				GCC_WARN_UNUSED_FUNCTION = YES;
				GCC_WARN_UNUSED_VARIABLE = YES;
				IPHONEOS_DEPLOYMENT_TARGET = 13.4;
				MTL_ENABLE_DEBUG_INFO = NO;
				MTL_FAST_MATH = YES;
				SDKROOT = iphoneos;
				SWIFT_COMPILATION_MODE = wholemodule;
				SWIFT_OPTIMIZATION_LEVEL = "-O";
				VALIDATE_PRODUCT = YES;
			};
			name = Release;
		};
		8411E5DE24F6913700D0F193 /* Debug */ = {
			isa = XCBuildConfiguration;
			buildSettings = {
				ASSETCATALOG_COMPILER_APPICON_NAME = AppIcon;
				CODE_SIGN_STYLE = Automatic;
				INFOPLIST_FILE = MyFunTranslations/Info.plist;
				LD_RUNPATH_SEARCH_PATHS = (
					"$(inherited)",
					"@executable_path/Frameworks",
				);
				PRODUCT_BUNDLE_IDENTIFIER = assignment.MyFunTranslations;
				PRODUCT_NAME = "$(TARGET_NAME)";
				SWIFT_VERSION = 5.0;
				TARGETED_DEVICE_FAMILY = "1,2";
			};
			name = Debug;
		};
		8411E5DF24F6913700D0F193 /* Release */ = {
			isa = XCBuildConfiguration;
			buildSettings = {
				ASSETCATALOG_COMPILER_APPICON_NAME = AppIcon;
				CODE_SIGN_STYLE = Automatic;
				INFOPLIST_FILE = MyFunTranslations/Info.plist;
				LD_RUNPATH_SEARCH_PATHS = (
					"$(inherited)",
					"@executable_path/Frameworks",
				);
				PRODUCT_BUNDLE_IDENTIFIER = assignment.MyFunTranslations;
				PRODUCT_NAME = "$(TARGET_NAME)";
				SWIFT_VERSION = 5.0;
				TARGETED_DEVICE_FAMILY = "1,2";
			};
			name = Release;
		};
/* End XCBuildConfiguration section */

/* Begin XCConfigurationList section */
		8411E5C424F6913400D0F193 /* Build configuration list for PBXProject "MyFunTranslations" */ = {
			isa = XCConfigurationList;
			buildConfigurations = (
				8411E5DB24F6913700D0F193 /* Debug */,
				8411E5DC24F6913700D0F193 /* Release */,
			);
			defaultConfigurationIsVisible = 0;
			defaultConfigurationName = Release;
		};
		8411E5DD24F6913700D0F193 /* Build configuration list for PBXNativeTarget "MyFunTranslations" */ = {
			isa = XCConfigurationList;
			buildConfigurations = (
				8411E5DE24F6913700D0F193 /* Debug */,
				8411E5DF24F6913700D0F193 /* Release */,
			);
			defaultConfigurationIsVisible = 0;
			defaultConfigurationName = Release;
		};
/* End XCConfigurationList section */
	};
	rootObject = 8411E5C124F6913400D0F193 /* Project object */;
}
